
Microsoft Visual Studio Solution File, Format Version 12.00
# Visual Studio Version 17
VisualStudioVersion = 17.4.33110.190
MinimumVisualStudioVersion = 10.0.40219.1
Project("{FAE04EC0-301F-11D3-BF4B-00C04F79EFBC}") = "Pr3№1", "Pr3№1\Pr3№1.csproj", "{77E3AC2A-0AFF-4494-ABA6-D93E048C5437}"
EndProject
Global
	GlobalSection(SolutionConfigurationPlatforms) = preSolution
		Debug|Any CPU = Debug|Any CPU
		Release|Any CPU = Release|Any CPU
	EndGlobalSection
	GlobalSection(ProjectConfigurationPlatforms) = postSolution
		{77E3AC2A-0AFF-4494-ABA6-D93E048C5437}.Debug|Any CPU.ActiveCfg = Debug|Any CPU
		{77E3AC2A-0AFF-4494-ABA6-D93E048C5437}.Debug|Any CPU.Build.0 = Debug|Any CPU
		{77E3AC2A-0AFF-4494-ABA6-D93E048C5437}.Release|Any CPU.ActiveCfg = Release|Any CPU
		{77E3AC2A-0AFF-4494-ABA6-D93E048C5437}.Release|Any CPU.Build.0 = Release|Any CPU
	EndGlobalSection
	GlobalSection(SolutionProperties) = preSolution
		HideSolutionNode = FALSE
	EndGlobalSection
	GlobalSection(ExtensibilityGlobals) = postSolution
		SolutionGuid = {0C15EEAA-4F73-47DC-83D1-2FFF634C5121}
	EndGlobalSection
EndGlobal
